{
    "_readme": [
        "This file locks the dependencies of your project to a known state",
        "Read more about it at https://getcomposer.org/doc/01-basic-usage.md#installing-dependencies",
        "This file is @generated automatically"
    ],
    "content-hash": "abdc03c8d1ec396a87260fc2dc930e22",
    "packages": [
        {
            "name": "liquid/liquid",
            "version": "1.4.32",
            "source": {
                "type": "git",
                "url": "https://github.com/kalimatas/php-liquid.git",
                "reference": "f0be8a3e0e0fcee99c0091748dcb21675b3caf46"
            },
            "dist": {
                "type": "zip",
                "url": "https://api.github.com/repos/kalimatas/php-liquid/zipball/f0be8a3e0e0fcee99c0091748dcb21675b3caf46",
                "reference": "f0be8a3e0e0fcee99c0091748dcb21675b3caf46",
                "shasum": ""
            },
            "require": {
                "php": "^7.3 || ^8.0"
            },
            "require-dev": {
                "ergebnis/composer-normalize": "^2.8",
                "friendsofphp/php-cs-fixer": "^2.16.4",
                "infection/infection": ">=0.17.6",
                "php-coveralls/php-coveralls": "^2.2",
                "phpunit/phpunit": "^9.2.6"
            },
            "type": "library",
            "extra": {
                "branch-alias": {
                    "dev-master": "1.x-dev"
                }
            },
            "autoload": {
                "psr-4": {
                    "Liquid\\": "src/Liquid"
                }
            },
            "notification-url": "https://packagist.org/downloads/",
            "license": [
                "MIT"
            ],
            "authors": [
                {
                    "name": "Guz Alexander",
                    "email": "kalimatas@gmail.com",
                    "homepage": "http://guzalexander.com"
                },
                {
                    "name": "Harald Hanek"
                },
                {
                    "name": "Mateo Murphy"
                },
                {
                    "name": "Alexey Kopytko",
                    "email": "alexey@kopytko.com",
                    "homepage": "https://www.alexeykopytko.com/"
                }
            ],
            "description": "Liquid template engine for PHP",
            "homepage": "https://github.com/kalimatas/php-liquid",
            "keywords": [
                "liquid",
                "template"
            ],
            "support": {
                "issues": "https://github.com/kalimatas/php-liquid/issues",
                "source": "https://github.com/kalimatas/php-liquid/tree/1.4.32"
            },
            "time": "2022-08-08T01:55:20+00:00"
        }
    ],
    "packages-dev": [
        {
            "name": "psr/log",
            "version": "1.1.2",
            "source": {
                "type": "git",
                "url": "https://github.com/php-fig/log.git",
                "reference": "446d54b4cb6bf489fc9d75f55843658e6f25d801"
            },
            "dist": {
                "type": "zip",
                "url": "https://api.github.com/repos/php-fig/log/zipball/446d54b4cb6bf489fc9d75f55843658e6f25d801",
                "reference": "446d54b4cb6bf489fc9d75f55843658e6f25d801",
                "shasum": ""
            },
            "require": {
                "php": ">=5.3.0"
            },
            "type": "library",
            "extra": {
                "branch-alias": {
                    "dev-master": "1.1.x-dev"
                }
            },
            "autoload": {
                "psr-4": {
                    "Psr\\Log\\": "Psr/Log/"
                }
            },
            "notification-url": "https://packagist.org/downloads/",
            "license": [
                "MIT"
            ],
            "authors": [
                {
                    "name": "PHP-FIG",
                    "homepage": "http://www.php-fig.org/"
                }
            ],
            "description": "Common interface for logging libraries",
            "homepage": "https://github.com/php-fig/log",
            "keywords": [
                "log",
                "psr",
                "psr-3"
            ],
            "time": "2019-11-01T11:05:21+00:00"
        },
        {
            "name": "vanilla/garden-cli",
            "version": "v3.1.2",
            "source": {
                "type": "git",
                "url": "https://github.com/vanilla/garden-cli.git",
                "reference": "d9844c47f4f2812259ee1b583aa66e7b6b5d85c5"
            },
            "dist": {
                "type": "zip",
                "url": "https://api.github.com/repos/vanilla/garden-cli/zipball/d9844c47f4f2812259ee1b583aa66e7b6b5d85c5",
                "reference": "d9844c47f4f2812259ee1b583aa66e7b6b5d85c5",
                "shasum": ""
            },
            "require": {
                "ext-json": "*",
                "php": ">=7.2",
                "psr/log": "^1.0"
            },
            "require-dev": {
                "ergebnis/composer-normalize": "^2.8",
                "phpdocumentor/reflection-docblock": "^4.3",
                "phpunit/phpunit": "^8",
                "vanilla/garden-container": "^3.0",
                "vanilla/standards": "^1.3",
                "vimeo/psalm": "^3.16"
            },
            "suggest": {
                "ext-pdo": "Required for the DbUtils class.",
                "phpdocumentor/reflection-docblock": "Required for the CliApplication functionality.",
                "vanilla/garden-container": "Required for the CliApplication functionality."
            },
            "type": "library",
            "autoload": {
                "psr-4": {
                    "Garden\\Cli\\": "src"
                }
            },
            "notification-url": "https://packagist.org/downloads/",
            "license": [
                "MIT"
            ],
            "authors": [
                {
                    "name": "Todd Burry",
                    "email": "todd@vanillaforums.com"
                }
            ],
            "description": "A full-featured, yet ridiculously simple commandline parser for your next php cli script. Stop fighting with getopt().",
            "support": {
                "issues": "https://github.com/vanilla/garden-cli/issues",
                "source": "https://github.com/vanilla/garden-cli/tree/v3.1.2"
            },
            "time": "2020-10-25T13:36:44+00:00"
        }
    ],
    "aliases": [],
    "minimum-stability": "stable",
    "stability-flags": [],
    "prefer-stable": false,
    "prefer-lowest": false,
    "platform": [],
    "platform-dev": [],
    "plugin-api-version": "2.3.0"
}
